
Microsoft Visual Studio Solution File, Format Version 12.00
# Visual Studio Version 17
VisualStudioVersion = 17.9.34728.123
MinimumVisualStudioVersion = 10.0.40219.1
Project("{8BC9CEB8-8B4A-11D0-8D11-00A0C91BC942}") = "NT1_02_cliant", "NT1_02_cliant.vcxproj", "{02187FD7-F41C-4DE4-A551-A4316C364356}"
EndProject
Global
	GlobalSection(SolutionConfigurationPlatforms) = preSolution
		Debug|x64 = Debug|x64
		Debug|x86 = Debug|x86
		Release|x64 = Release|x64
		Release|x86 = Release|x86
	EndGlobalSection
	GlobalSection(ProjectConfigurationPlatforms) = postSolution
		{02187FD7-F41C-4DE4-A551-A4316C364356}.Debug|x64.ActiveCfg = Debug|x64
		{02187FD7-F41C-4DE4-A551-A4316C364356}.Debug|x64.Build.0 = Debug|x64
		{02187FD7-F41C-4DE4-A551-A4316C364356}.Debug|x86.ActiveCfg = Debug|Win32
		{02187FD7-F41C-4DE4-A551-A4316C364356}.Debug|x86.Build.0 = Debug|Win32
		{02187FD7-F41C-4DE4-A551-A4316C364356}.Release|x64.ActiveCfg = Release|x64
		{02187FD7-F41C-4DE4-A551-A4316C364356}.Release|x64.Build.0 = Release|x64
		{02187FD7-F41C-4DE4-A551-A4316C364356}.Release|x86.ActiveCfg = Release|Win32
		{02187FD7-F41C-4DE4-A551-A4316C364356}.Release|x86.Build.0 = Release|Win32
	EndGlobalSection
	GlobalSection(SolutionProperties) = preSolution
		HideSolutionNode = FALSE
	EndGlobalSection
	GlobalSection(ExtensibilityGlobals) = postSolution
		SolutionGuid = {CFFC660F-D0E7-4E60-9F6C-5D8D9E2BE03C}
	EndGlobalSection
EndGlobal
